cloud.google.com/go/longrunning v0.4.2-0.20230221213717-932ddc87ed38 h1:bxY4dB8JnEa9yHgXAF2Y6Dxn9FVwojQlhLaXhVAQHuA=
github.com/golang/protobuf v1.5.2 h1:ROPKBNFfQgOUMifHyP+KYbvpjbdoFNs+aK7DXlji0Tw=
github.com/google/go-cmp v0.5.9 h1:O2Tfq5qg4qc4AmwVlvv0oLiVAGB7enBSJ2x2DqQFi38=
golang.org/x/net v0.7.0 h1:rJrUqqhjsgNp7KqAIc25s9pZnjU7TUcSY7HcVZjdn1g=
golang.org/x/sys v0.5.0 h1:MUK/U/4lj1t1oPg0HfuXDN/Z1wv31ZJ/YcPiGccS4DU=
golang.org/x/text v0.7.0 h1:4BRB4x83lYWy72KwLD/qYDuTu7q9PjSagHvijDw7cLo=
google.golang.org/genproto v0.0.0-20230221151758-ace64dc21148 h1:muK+gVBJBfFb4SejshDBlN2/UgxCCOKH9Y34ljqEGOc=
google.golang.org/grpc v1.53.0 h1:LAv2ds7cmFV/XTS3XG1NneeENYrXGmorPxsBbptIjNc=
google.golang.org/protobuf v1.28.2-0.20230209092751-246af0d153ca h1:ED3clF8cKmSuqHQDqBb1yBDKTBy5QbB144qZpJt5Ohk=
